{
  "originHash" : "3cc4e914ad71899b263f38339e8be9f7230661f384423d0395ee535746825092",
  "pins" : [
    {
      "identity" : "get",
      "kind" : "remoteSourceControl",
      "location" : "https://github.com/kean/Get",
      "state" : {
        "revision" : "31249885da1052872e0ac91a2943f62567c0d96d",
        "version" : "2.2.1"
      }
    },
    {
      "identity" : "gptswift",
      "kind" : "remoteSourceControl",
      "location" : "https://github.com/SwiftedMind/GPTSwift",
      "state" : {
        "revision" : "c90d3fc4418119aa6cc796ded049fa73f4b28185",
        "version" : "3.0.1"
      }
    }
  ],
  "version" : 3
}
