// !$*UTF8*$!
{
	archiveVersion = 1;
	classes = {
	};
	objectVersion = 56;
	objects = {

/* Begin PBXBuildFile section */
		305F25ED2CA274F300D101A3 /* ChatGPT in Frameworks */ = {isa = PBXBuildFile; productRef = 305F25EC2CA274F300D101A3 /* ChatGPT */; };
		305F25EF2CA274F300D101A3 /* GPT in Frameworks */ = {isa = PBXBuildFile; productRef = 305F25EE2CA274F300D101A3 /* GPT */; };
		305F25F12CA274F300D101A3 /* OpenAI in Frameworks */ = {isa = PBXBuildFile; productRef = 305F25F02CA274F300D101A3 /* OpenAI */; };
		305F26002CB363E500D101A3 /* UpdateView.swift in Sources */ = {isa = PBXBuildFile; fileRef = 305F25FF2CB363E500D101A3 /* UpdateView.swift */; };
		715DCCD82CAFD87A00E899A5 /* UserDefaultsTestView.swift in Sources */ = {isa = PBXBuildFile; fileRef = 715DCCD72CAFD87A00E899A5 /* UserDefaultsTestView.swift */; };
		7164D99D2CA3A8E800598405 /* SpeechRecognizer.swift in Sources */ = {isa = PBXBuildFile; fileRef = 7164D99C2CA3A8E800598405 /* SpeechRecognizer.swift */; };
		7168CC762CB57EFC00A01E28 /* ParcingModel.swift in Sources */ = {isa = PBXBuildFile; fileRef = 7168CC752CB57EFC00A01E28 /* ParcingModel.swift */; };
		7168CC782CB5818100A01E28 /* MyCart.csv in Resources */ = {isa = PBXBuildFile; fileRef = 7168CC772CB5818100A01E28 /* MyCart.csv */; };
		7168CC7A2CB59ED100A01E28 /* ParcingView.swift in Sources */ = {isa = PBXBuildFile; fileRef = 7168CC792CB59ED100A01E28 /* ParcingView.swift */; };
		718C1E362CB5A08300FC5651 /* BudgetView.swift in Sources */ = {isa = PBXBuildFile; fileRef = 718C1E352CB5A08300FC5651 /* BudgetView.swift */; };
		718C1E382CB76A6800FC5651 /* CartView.swift in Sources */ = {isa = PBXBuildFile; fileRef = 718C1E372CB76A6800FC5651 /* CartView.swift */; };
		718C1E622CBC2D4D00FC5651 /* SpoqaHanSansNeo-Bold.otf in Resources */ = {isa = PBXBuildFile; fileRef = 718C1E5D2CBC2D4D00FC5651 /* SpoqaHanSansNeo-Bold.otf */; };
		718C1E632CBC2D4D00FC5651 /* SpoqaHanSansNeo-Light.otf in Resources */ = {isa = PBXBuildFile; fileRef = 718C1E5E2CBC2D4D00FC5651 /* SpoqaHanSansNeo-Light.otf */; };
		718C1E642CBC2D4D00FC5651 /* GmarketSansLight.otf in Resources */ = {isa = PBXBuildFile; fileRef = 718C1E5B2CBC2D4D00FC5651 /* GmarketSansLight.otf */; };
		718C1E652CBC2D4D00FC5651 /* GmarketSansMedium.otf in Resources */ = {isa = PBXBuildFile; fileRef = 718C1E5C2CBC2D4D00FC5651 /* GmarketSansMedium.otf */; };
		718C1E662CBC2D4D00FC5651 /* SpoqaHanSansNeo-Medium.otf in Resources */ = {isa = PBXBuildFile; fileRef = 718C1E5F2CBC2D4D00FC5651 /* SpoqaHanSansNeo-Medium.otf */; };
		718C1E672CBC2D4D00FC5651 /* GmarketSansBold.otf in Resources */ = {isa = PBXBuildFile; fileRef = 718C1E5A2CBC2D4D00FC5651 /* GmarketSansBold.otf */; };
		718C1E682CBC2D4D00FC5651 /* SpoqaHanSansNeo-Thin.otf in Resources */ = {isa = PBXBuildFile; fileRef = 718C1E612CBC2D4D00FC5651 /* SpoqaHanSansNeo-Thin.otf */; };
		718C1E692CBC2D4D00FC5651 /* SpoqaHanSansNeo-Regular.otf in Resources */ = {isa = PBXBuildFile; fileRef = 718C1E602CBC2D4D00FC5651 /* SpoqaHanSansNeo-Regular.otf */; };
		718C1E6B2CBC2E9400FC5651 /* FontExtension.swift in Sources */ = {isa = PBXBuildFile; fileRef = 718C1E6A2CBC2E9400FC5651 /* FontExtension.swift */; };
		718C1E6D2CBC31BD00FC5651 /* FontView.swift in Sources */ = {isa = PBXBuildFile; fileRef = 718C1E6C2CBC31BD00FC5651 /* FontView.swift */; };
		718C1EA72CBCFB3500FC5651 /* ProgressViewModel.swift in Sources */ = {isa = PBXBuildFile; fileRef = 718C1EA62CBCFB3500FC5651 /* ProgressViewModel.swift */; };
		71BAEF172CB57BDF00E436FF /* MainView.swift in Sources */ = {isa = PBXBuildFile; fileRef = 71BAEF162CB57BDF00E436FF /* MainView.swift */; };
		71C133722CAFF31E003DCCCF /* UserDefaultsModel.swift in Sources */ = {isa = PBXBuildFile; fileRef = 71C133712CAFF31E003DCCCF /* UserDefaultsModel.swift */; };
		71D966BA2CA26C1700D971C6 /* TestProject_3RApp.swift in Sources */ = {isa = PBXBuildFile; fileRef = 71D966B92CA26C1700D971C6 /* TestProject_3RApp.swift */; };
		71D966BC2CA26C1700D971C6 /* ContentView.swift in Sources */ = {isa = PBXBuildFile; fileRef = 71D966BB2CA26C1700D971C6 /* ContentView.swift */; };
		71D966BE2CA26C1800D971C6 /* Assets.xcassets in Resources */ = {isa = PBXBuildFile; fileRef = 71D966BD2CA26C1800D971C6 /* Assets.xcassets */; };
		71D966C12CA26C1800D971C6 /* Preview Assets.xcassets in Resources */ = {isa = PBXBuildFile; fileRef = 71D966C02CA26C1800D971C6 /* Preview Assets.xcassets */; };
		71D966CC2CA26C5F00D971C6 /* SttView.swift in Sources */ = {isa = PBXBuildFile; fileRef = 71D966CB2CA26C5F00D971C6 /* SttView.swift */; };
		71D966CE2CA26C6800D971C6 /* GptView.swift in Sources */ = {isa = PBXBuildFile; fileRef = 71D966CD2CA26C6800D971C6 /* GptView.swift */; };
/* End PBXBuildFile section */

/* Begin PBXFileReference section */
		305F25F42CA38DC700D101A3 /* Info.plist */ = {isa = PBXFileReference; lastKnownFileType = text.plist; path = Info.plist; sourceTree = "<group>"; };
		305F25FF2CB363E500D101A3 /* UpdateView.swift */ = {isa = PBXFileReference; lastKnownFileType = sourcecode.swift; path = UpdateView.swift; sourceTree = "<group>"; };
		715DCCD72CAFD87A00E899A5 /* UserDefaultsTestView.swift */ = {isa = PBXFileReference; lastKnownFileType = sourcecode.swift; name = UserDefaultsTestView.swift; path = ../Source/ViewModel/UserDefaultsTestView.swift; sourceTree = "<group>"; };
		7164D99C2CA3A8E800598405 /* SpeechRecognizer.swift */ = {isa = PBXFileReference; lastKnownFileType = sourcecode.swift; path = SpeechRecognizer.swift; sourceTree = "<group>"; };
		7168CC742CB56EF800A01E28 /* API_KEY.xcconfig */ = {isa = PBXFileReference; lastKnownFileType = text.xcconfig; path = API_KEY.xcconfig; sourceTree = "<group>"; };
		7168CC752CB57EFC00A01E28 /* ParcingModel.swift */ = {isa = PBXFileReference; lastKnownFileType = sourcecode.swift; path = ParcingModel.swift; sourceTree = "<group>"; };
		7168CC772CB5818100A01E28 /* MyCart.csv */ = {isa = PBXFileReference; fileEncoding = 4; lastKnownFileType = text; path = MyCart.csv; sourceTree = "<group>"; };
		7168CC792CB59ED100A01E28 /* ParcingView.swift */ = {isa = PBXFileReference; lastKnownFileType = sourcecode.swift; path = ParcingView.swift; sourceTree = "<group>"; };
		718C1E352CB5A08300FC5651 /* BudgetView.swift */ = {isa = PBXFileReference; lastKnownFileType = sourcecode.swift; path = BudgetView.swift; sourceTree = "<group>"; };
		718C1E372CB76A6800FC5651 /* CartView.swift */ = {isa = PBXFileReference; lastKnownFileType = sourcecode.swift; path = CartView.swift; sourceTree = "<group>"; };
		718C1E5A2CBC2D4D00FC5651 /* GmarketSansBold.otf */ = {isa = PBXFileReference; lastKnownFileType = file; path = GmarketSansBold.otf; sourceTree = "<group>"; };
		718C1E5B2CBC2D4D00FC5651 /* GmarketSansLight.otf */ = {isa = PBXFileReference; lastKnownFileType = file; path = GmarketSansLight.otf; sourceTree = "<group>"; };
		718C1E5C2CBC2D4D00FC5651 /* GmarketSansMedium.otf */ = {isa = PBXFileReference; lastKnownFileType = file; path = GmarketSansMedium.otf; sourceTree = "<group>"; };
		718C1E5D2CBC2D4D00FC5651 /* SpoqaHanSansNeo-Bold.otf */ = {isa = PBXFileReference; lastKnownFileType = file; path = "SpoqaHanSansNeo-Bold.otf"; sourceTree = "<group>"; };
		718C1E5E2CBC2D4D00FC5651 /* SpoqaHanSansNeo-Light.otf */ = {isa = PBXFileReference; lastKnownFileType = file; path = "SpoqaHanSansNeo-Light.otf"; sourceTree = "<group>"; };
		718C1E5F2CBC2D4D00FC5651 /* SpoqaHanSansNeo-Medium.otf */ = {isa = PBXFileReference; lastKnownFileType = file; path = "SpoqaHanSansNeo-Medium.otf"; sourceTree = "<group>"; };
		718C1E602CBC2D4D00FC5651 /* SpoqaHanSansNeo-Regular.otf */ = {isa = PBXFileReference; lastKnownFileType = file; path = "SpoqaHanSansNeo-Regular.otf"; sourceTree = "<group>"; };
		718C1E612CBC2D4D00FC5651 /* SpoqaHanSansNeo-Thin.otf */ = {isa = PBXFileReference; lastKnownFileType = file; path = "SpoqaHanSansNeo-Thin.otf"; sourceTree = "<group>"; };
		718C1E6A2CBC2E9400FC5651 /* FontExtension.swift */ = {isa = PBXFileReference; lastKnownFileType = sourcecode.swift; path = FontExtension.swift; sourceTree = "<group>"; };
		718C1E6C2CBC31BD00FC5651 /* FontView.swift */ = {isa = PBXFileReference; lastKnownFileType = sourcecode.swift; path = FontView.swift; sourceTree = "<group>"; };
		718C1EA62CBCFB3500FC5651 /* ProgressViewModel.swift */ = {isa = PBXFileReference; lastKnownFileType = sourcecode.swift; path = ProgressViewModel.swift; sourceTree = "<group>"; };
		71BAEF162CB57BDF00E436FF /* MainView.swift */ = {isa = PBXFileReference; lastKnownFileType = sourcecode.swift; path = MainView.swift; sourceTree = "<group>"; };
		71C133712CAFF31E003DCCCF /* UserDefaultsModel.swift */ = {isa = PBXFileReference; lastKnownFileType = sourcecode.swift; name = UserDefaultsModel.swift; path = ../Source/ViewModel/UserDefaultsModel.swift; sourceTree = "<group>"; };
		71D966B62CA26C1700D971C6 /* TestProject-3R.app */ = {isa = PBXFileReference; explicitFileType = wrapper.application; includeInIndex = 0; path = "TestProject-3R.app"; sourceTree = BUILT_PRODUCTS_DIR; };
		71D966B92CA26C1700D971C6 /* TestProject_3RApp.swift */ = {isa = PBXFileReference; lastKnownFileType = sourcecode.swift; path = TestProject_3RApp.swift; sourceTree = "<group>"; };
		71D966BB2CA26C1700D971C6 /* ContentView.swift */ = {isa = PBXFileReference; lastKnownFileType = sourcecode.swift; path = ContentView.swift; sourceTree = "<group>"; };
		71D966BD2CA26C1800D971C6 /* Assets.xcassets */ = {isa = PBXFileReference; lastKnownFileType = folder.assetcatalog; path = Assets.xcassets; sourceTree = "<group>"; };
		71D966C02CA26C1800D971C6 /* Preview Assets.xcassets */ = {isa = PBXFileReference; lastKnownFileType = folder.assetcatalog; path = "Preview Assets.xcassets"; sourceTree = "<group>"; };
		71D966CB2CA26C5F00D971C6 /* SttView.swift */ = {isa = PBXFileReference; lastKnownFileType = sourcecode.swift; path = SttView.swift; sourceTree = "<group>"; };
		71D966CD2CA26C6800D971C6 /* GptView.swift */ = {isa = PBXFileReference; lastKnownFileType = sourcecode.swift; path = GptView.swift; sourceTree = "<group>"; };
/* End PBXFileReference section */

/* Begin PBXFrameworksBuildPhase section */
		71D966B32CA26C1700D971C6 /* Frameworks */ = {
			isa = PBXFrameworksBuildPhase;
			buildActionMask = 2147483647;
			files = (
				305F25EF2CA274F300D101A3 /* GPT in Frameworks */,
				305F25F12CA274F300D101A3 /* OpenAI in Frameworks */,
				305F25ED2CA274F300D101A3 /* ChatGPT in Frameworks */,
			);
			runOnlyForDeploymentPostprocessing = 0;
		};
/* End PBXFrameworksBuildPhase section */

/* Begin PBXGroup section */
		7168CC7B2CB5BBAB00A01E28 /* Ubea */ = {
			isa = PBXGroup;
			children = (
				71C133712CAFF31E003DCCCF /* UserDefaultsModel.swift */,
				715DCCD72CAFD87A00E899A5 /* UserDefaultsTestView.swift */,
				7168CC792CB59ED100A01E28 /* ParcingView.swift */,
				71D966CD2CA26C6800D971C6 /* GptView.swift */,
				71D966CB2CA26C5F00D971C6 /* SttView.swift */,
			);
			path = Ubea;
			sourceTree = "<group>";
		};
		718C1E392CBC2C0F00FC5651 /* Font */ = {
			isa = PBXGroup;
			children = (
				718C1E5A2CBC2D4D00FC5651 /* GmarketSansBold.otf */,
				718C1E5B2CBC2D4D00FC5651 /* GmarketSansLight.otf */,
				718C1E5C2CBC2D4D00FC5651 /* GmarketSansMedium.otf */,
				718C1E5D2CBC2D4D00FC5651 /* SpoqaHanSansNeo-Bold.otf */,
				718C1E5E2CBC2D4D00FC5651 /* SpoqaHanSansNeo-Light.otf */,
				718C1E5F2CBC2D4D00FC5651 /* SpoqaHanSansNeo-Medium.otf */,
				718C1E602CBC2D4D00FC5651 /* SpoqaHanSansNeo-Regular.otf */,
				718C1E612CBC2D4D00FC5651 /* SpoqaHanSansNeo-Thin.otf */,
				718C1E6A2CBC2E9400FC5651 /* FontExtension.swift */,
				718C1E6C2CBC31BD00FC5651 /* FontView.swift */,
			);
			path = Font;
			sourceTree = "<group>";
		};
		71D966AD2CA26C1700D971C6 = {
			isa = PBXGroup;
			children = (
				7168CC742CB56EF800A01E28 /* API_KEY.xcconfig */,
				71D966B82CA26C1700D971C6 /* TestProject-3R */,
				71D966B72CA26C1700D971C6 /* Products */,
			);
			sourceTree = "<group>";
		};
		71D966B72CA26C1700D971C6 /* Products */ = {
			isa = PBXGroup;
			children = (
				71D966B62CA26C1700D971C6 /* TestProject-3R.app */,
			);
			name = Products;
			sourceTree = "<group>";
		};
		71D966B82CA26C1700D971C6 /* TestProject-3R */ = {
			isa = PBXGroup;
			children = (
				718C1E392CBC2C0F00FC5651 /* Font */,
				305F25F42CA38DC700D101A3 /* Info.plist */,
				71D966CA2CA26C3B00D971C6 /* Source */,
				71D966BD2CA26C1800D971C6 /* Assets.xcassets */,
				7168CC7B2CB5BBAB00A01E28 /* Ubea */,
				71D966BF2CA26C1800D971C6 /* Preview Content */,
			);
			path = "TestProject-3R";
			sourceTree = "<group>";
		};
		71D966BF2CA26C1800D971C6 /* Preview Content */ = {
			isa = PBXGroup;
			children = (
				71D966C02CA26C1800D971C6 /* Preview Assets.xcassets */,
			);
			path = "Preview Content";
			sourceTree = "<group>";
		};
		71D966C72CA26C3B00D971C6 /* App */ = {
			isa = PBXGroup;
			children = (
				71D966B92CA26C1700D971C6 /* TestProject_3RApp.swift */,
			);
			path = App;
			sourceTree = "<group>";
		};
		71D966C82CA26C3B00D971C6 /* View */ = {
			isa = PBXGroup;
			children = (
				71BAEF162CB57BDF00E436FF /* MainView.swift */,
				718C1E352CB5A08300FC5651 /* BudgetView.swift */,
				718C1E372CB76A6800FC5651 /* CartView.swift */,
				71D966BB2CA26C1700D971C6 /* ContentView.swift */,
				305F25FF2CB363E500D101A3 /* UpdateView.swift */,
			);
			path = View;
			sourceTree = "<group>";
		};
		71D966C92CA26C3B00D971C6 /* ViewModel */ = {
			isa = PBXGroup;
			children = (
				7164D99C2CA3A8E800598405 /* SpeechRecognizer.swift */,
				7168CC752CB57EFC00A01E28 /* ParcingModel.swift */,
				718C1EA62CBCFB3500FC5651 /* ProgressViewModel.swift */,
			);
			path = ViewModel;
			sourceTree = "<group>";
		};
		71D966CA2CA26C3B00D971C6 /* Source */ = {
			isa = PBXGroup;
			children = (
				7168CC772CB5818100A01E28 /* MyCart.csv */,
				71D966C72CA26C3B00D971C6 /* App */,
				71D966C82CA26C3B00D971C6 /* View */,
				71D966C92CA26C3B00D971C6 /* ViewModel */,
			);
			path = Source;
			sourceTree = "<group>";
		};
/* End PBXGroup section */

/* Begin PBXNativeTarget section */
		71D966B52CA26C1700D971C6 /* TestProject-3R */ = {
			isa = PBXNativeTarget;
			buildConfigurationList = 71D966C42CA26C1800D971C6 /* Build configuration list for PBXNativeTarget "TestProject-3R" */;
			buildPhases = (
				71D966B22CA26C1700D971C6 /* Sources */,
				71D966B32CA26C1700D971C6 /* Frameworks */,
				71D966B42CA26C1700D971C6 /* Resources */,
			);
			buildRules = (
			);
			dependencies = (
			);
			name = "TestProject-3R";
			packageProductDependencies = (
				305F25EC2CA274F300D101A3 /* ChatGPT */,
				305F25EE2CA274F300D101A3 /* GPT */,
				305F25F02CA274F300D101A3 /* OpenAI */,
			);
			productName = "TestProject-3R";
			productReference = 71D966B62CA26C1700D971C6 /* TestProject-3R.app */;
			productType = "com.apple.product-type.application";
		};
/* End PBXNativeTarget section */

/* Begin PBXProject section */
		71D966AE2CA26C1700D971C6 /* Project object */ = {
			isa = PBXProject;
			attributes = {
				BuildIndependentTargetsInParallel = 1;
				LastSwiftUpdateCheck = 1530;
				LastUpgradeCheck = 1530;
				TargetAttributes = {
					71D966B52CA26C1700D971C6 = {
						CreatedOnToolsVersion = 15.3;
					};
				};
			};
			buildConfigurationList = 71D966B12CA26C1700D971C6 /* Build configuration list for PBXProject "TestProject-3R" */;
			compatibilityVersion = "Xcode 14.0";
			developmentRegion = en;
			hasScannedForEncodings = 0;
			knownRegions = (
				en,
				Base,
			);
			mainGroup = 71D966AD2CA26C1700D971C6;
			packageReferences = (
				305F25EB2CA274F300D101A3 /* XCRemoteSwiftPackageReference "GPTSwift" */,
			);
			productRefGroup = 71D966B72CA26C1700D971C6 /* Products */;
			projectDirPath = "";
			projectRoot = "";
			targets = (
				71D966B52CA26C1700D971C6 /* TestProject-3R */,
			);
		};
/* End PBXProject section */

/* Begin PBXResourcesBuildPhase section */
		71D966B42CA26C1700D971C6 /* Resources */ = {
			isa = PBXResourcesBuildPhase;
			buildActionMask = 2147483647;
			files = (
				71D966C12CA26C1800D971C6 /* Preview Assets.xcassets in Resources */,
				7168CC782CB5818100A01E28 /* MyCart.csv in Resources */,
				718C1E622CBC2D4D00FC5651 /* SpoqaHanSansNeo-Bold.otf in Resources */,
				718C1E632CBC2D4D00FC5651 /* SpoqaHanSansNeo-Light.otf in Resources */,
				718C1E642CBC2D4D00FC5651 /* GmarketSansLight.otf in Resources */,
				718C1E652CBC2D4D00FC5651 /* GmarketSansMedium.otf in Resources */,
				718C1E662CBC2D4D00FC5651 /* SpoqaHanSansNeo-Medium.otf in Resources */,
				718C1E672CBC2D4D00FC5651 /* GmarketSansBold.otf in Resources */,
				718C1E682CBC2D4D00FC5651 /* SpoqaHanSansNeo-Thin.otf in Resources */,
				718C1E692CBC2D4D00FC5651 /* SpoqaHanSansNeo-Regular.otf in Resources */,
				71D966BE2CA26C1800D971C6 /* Assets.xcassets in Resources */,
			);
			runOnlyForDeploymentPostprocessing = 0;
		};
/* End PBXResourcesBuildPhase section */

/* Begin PBXSourcesBuildPhase section */
		71D966B22CA26C1700D971C6 /* Sources */ = {
			isa = PBXSourcesBuildPhase;
			buildActionMask = 2147483647;
			files = (
				71C133722CAFF31E003DCCCF /* UserDefaultsModel.swift in Sources */,
				71BAEF172CB57BDF00E436FF /* MainView.swift in Sources */,
				718C1E382CB76A6800FC5651 /* CartView.swift in Sources */,
				718C1EA72CBCFB3500FC5651 /* ProgressViewModel.swift in Sources */,
				305F26002CB363E500D101A3 /* UpdateView.swift in Sources */,
				71D966BC2CA26C1700D971C6 /* ContentView.swift in Sources */,
				71D966BA2CA26C1700D971C6 /* TestProject_3RApp.swift in Sources */,
				71D966CE2CA26C6800D971C6 /* GptView.swift in Sources */,
				7168CC762CB57EFC00A01E28 /* ParcingModel.swift in Sources */,
				718C1E6B2CBC2E9400FC5651 /* FontExtension.swift in Sources */,
				715DCCD82CAFD87A00E899A5 /* UserDefaultsTestView.swift in Sources */,
				71D966CC2CA26C5F00D971C6 /* SttView.swift in Sources */,
				7168CC7A2CB59ED100A01E28 /* ParcingView.swift in Sources */,
				7164D99D2CA3A8E800598405 /* SpeechRecognizer.swift in Sources */,
				718C1E362CB5A08300FC5651 /* BudgetView.swift in Sources */,
				718C1E6D2CBC31BD00FC5651 /* FontView.swift in Sources */,
			);
			runOnlyForDeploymentPostprocessing = 0;
		};
/* End PBXSourcesBuildPhase section */

/* Begin XCBuildConfiguration section */
		71D966C22CA26C1800D971C6 /* Debug */ = {
			isa = XCBuildConfiguration;
			baseConfigurationReference = 7168CC742CB56EF800A01E28 /* API_KEY.xcconfig */;
			buildSettings = {
				ALWAYS_SEARCH_USER_PATHS = NO;
				ASSETCATALOG_COMPILER_GENERATE_SWIFT_ASSET_SYMBOL_EXTENSIONS = YES;
				CLANG_ANALYZER_NONNULL = YES;
				CLANG_ANALYZER_NUMBER_OBJECT_CONVERSION = YES_AGGRESSIVE;
				CLANG_CXX_LANGUAGE_STANDARD = "gnu++20";
				CLANG_ENABLE_MODULES = YES;
				CLANG_ENABLE_OBJC_ARC = YES;
				CLANG_ENABLE_OBJC_WEAK = YES;
				CLANG_WARN_BLOCK_CAPTURE_AUTORELEASING = YES;
				CLANG_WARN_BOOL_CONVERSION = YES;
				CLANG_WARN_COMMA = YES;
				CLANG_WARN_CONSTANT_CONVERSION = YES;
				CLANG_WARN_DEPRECATED_OBJC_IMPLEMENTATIONS = YES;
				CLANG_WARN_DIRECT_OBJC_ISA_USAGE = YES_ERROR;
				CLANG_WARN_DOCUMENTATION_COMMENTS = YES;
				CLANG_WARN_EMPTY_BODY = YES;
				CLANG_WARN_ENUM_CONVERSION = YES;
				CLANG_WARN_INFINITE_RECURSION = YES;
				CLANG_WARN_INT_CONVERSION = YES;
				CLANG_WARN_NON_LITERAL_NULL_CONVERSION = YES;
				CLANG_WARN_OBJC_IMPLICIT_RETAIN_SELF = YES;
				CLANG_WARN_OBJC_LITERAL_CONVERSION = YES;
				CLANG_WARN_OBJC_ROOT_CLASS = YES_ERROR;
				CLANG_WARN_QUOTED_INCLUDE_IN_FRAMEWORK_HEADER = YES;
				CLANG_WARN_RANGE_LOOP_ANALYSIS = YES;
				CLANG_WARN_STRICT_PROTOTYPES = YES;
				CLANG_WARN_SUSPICIOUS_MOVE = YES;
				CLANG_WARN_UNGUARDED_AVAILABILITY = YES_AGGRESSIVE;
				CLANG_WARN_UNREACHABLE_CODE = YES;
				CLANG_WARN__DUPLICATE_METHOD_MATCH = YES;
				COPY_PHASE_STRIP = NO;
				DEBUG_INFORMATION_FORMAT = dwarf;
				ENABLE_STRICT_OBJC_MSGSEND = YES;
				ENABLE_TESTABILITY = YES;
				ENABLE_USER_SCRIPT_SANDBOXING = YES;
				GCC_C_LANGUAGE_STANDARD = gnu17;
				GCC_DYNAMIC_NO_PIC = NO;
				GCC_NO_COMMON_BLOCKS = YES;
				GCC_OPTIMIZATION_LEVEL = 0;
				GCC_PREPROCESSOR_DEFINITIONS = (
					"DEBUG=1",
					"$(inherited)",
				);
				GCC_WARN_64_TO_32_BIT_CONVERSION = YES;
				GCC_WARN_ABOUT_RETURN_TYPE = YES_ERROR;
				GCC_WARN_UNDECLARED_SELECTOR = YES;
				GCC_WARN_UNINITIALIZED_AUTOS = YES_AGGRESSIVE;
				GCC_WARN_UNUSED_FUNCTION = YES;
				GCC_WARN_UNUSED_VARIABLE = YES;
				IPHONEOS_DEPLOYMENT_TARGET = 17.4;
				LOCALIZATION_PREFERS_STRING_CATALOGS = YES;
				MTL_ENABLE_DEBUG_INFO = INCLUDE_SOURCE;
				MTL_FAST_MATH = YES;
				ONLY_ACTIVE_ARCH = YES;
				SDKROOT = iphoneos;
				SWIFT_ACTIVE_COMPILATION_CONDITIONS = "DEBUG $(inherited)";
				SWIFT_OPTIMIZATION_LEVEL = "-Onone";
			};
			name = Debug;
		};
		71D966C32CA26C1800D971C6 /* Release */ = {
			isa = XCBuildConfiguration;
			baseConfigurationReference = 7168CC742CB56EF800A01E28 /* API_KEY.xcconfig */;
			buildSettings = {
				ALWAYS_SEARCH_USER_PATHS = NO;
				ASSETCATALOG_COMPILER_GENERATE_SWIFT_ASSET_SYMBOL_EXTENSIONS = YES;
				CLANG_ANALYZER_NONNULL = YES;
				CLANG_ANALYZER_NUMBER_OBJECT_CONVERSION = YES_AGGRESSIVE;
				CLANG_CXX_LANGUAGE_STANDARD = "gnu++20";
				CLANG_ENABLE_MODULES = YES;
				CLANG_ENABLE_OBJC_ARC = YES;
				CLANG_ENABLE_OBJC_WEAK = YES;
				CLANG_WARN_BLOCK_CAPTURE_AUTORELEASING = YES;
				CLANG_WARN_BOOL_CONVERSION = YES;
				CLANG_WARN_COMMA = YES;
				CLANG_WARN_CONSTANT_CONVERSION = YES;
				CLANG_WARN_DEPRECATED_OBJC_IMPLEMENTATIONS = YES;
				CLANG_WARN_DIRECT_OBJC_ISA_USAGE = YES_ERROR;
				CLANG_WARN_DOCUMENTATION_COMMENTS = YES;
				CLANG_WARN_EMPTY_BODY = YES;
				CLANG_WARN_ENUM_CONVERSION = YES;
				CLANG_WARN_INFINITE_RECURSION = YES;
				CLANG_WARN_INT_CONVERSION = YES;
				CLANG_WARN_NON_LITERAL_NULL_CONVERSION = YES;
				CLANG_WARN_OBJC_IMPLICIT_RETAIN_SELF = YES;
				CLANG_WARN_OBJC_LITERAL_CONVERSION = YES;
				CLANG_WARN_OBJC_ROOT_CLASS = YES_ERROR;
				CLANG_WARN_QUOTED_INCLUDE_IN_FRAMEWORK_HEADER = YES;
				CLANG_WARN_RANGE_LOOP_ANALYSIS = YES;
				CLANG_WARN_STRICT_PROTOTYPES = YES;
				CLANG_WARN_SUSPICIOUS_MOVE = YES;
				CLANG_WARN_UNGUARDED_AVAILABILITY = YES_AGGRESSIVE;
				CLANG_WARN_UNREACHABLE_CODE = YES;
				CLANG_WARN__DUPLICATE_METHOD_MATCH = YES;
				COPY_PHASE_STRIP = NO;
				DEBUG_INFORMATION_FORMAT = "dwarf-with-dsym";
				ENABLE_NS_ASSERTIONS = NO;
				ENABLE_STRICT_OBJC_MSGSEND = YES;
				ENABLE_USER_SCRIPT_SANDBOXING = YES;
				GCC_C_LANGUAGE_STANDARD = gnu17;
				GCC_NO_COMMON_BLOCKS = YES;
				GCC_WARN_64_TO_32_BIT_CONVERSION = YES;
				GCC_WARN_ABOUT_RETURN_TYPE = YES_ERROR;
				GCC_WARN_UNDECLARED_SELECTOR = YES;
				GCC_WARN_UNINITIALIZED_AUTOS = YES_AGGRESSIVE;
				GCC_WARN_UNUSED_FUNCTION = YES;
				GCC_WARN_UNUSED_VARIABLE = YES;
				IPHONEOS_DEPLOYMENT_TARGET = 17.4;
				LOCALIZATION_PREFERS_STRING_CATALOGS = YES;
				MTL_ENABLE_DEBUG_INFO = NO;
				MTL_FAST_MATH = YES;
				SDKROOT = iphoneos;
				SWIFT_COMPILATION_MODE = wholemodule;
				VALIDATE_PRODUCT = YES;
			};
			name = Release;
		};
		71D966C52CA26C1800D971C6 /* Debug */ = {
			isa = XCBuildConfiguration;
			buildSettings = {
				ASSETCATALOG_COMPILER_APPICON_NAME = AppIcon;
				ASSETCATALOG_COMPILER_GLOBAL_ACCENT_COLOR_NAME = AccentColor;
				CODE_SIGN_STYLE = Automatic;
				CURRENT_PROJECT_VERSION = 1;
				DEVELOPMENT_ASSET_PATHS = "\"TestProject-3R/Preview Content\"";
				DEVELOPMENT_TEAM = R83JF9K5WA;
				ENABLE_PREVIEWS = YES;
				GENERATE_INFOPLIST_FILE = YES;
				INFOPLIST_FILE = "TestProject-3R/Info.plist";
				INFOPLIST_KEY_CFBundleDisplayName = "";
				INFOPLIST_KEY_LSApplicationCategoryType = "";
				INFOPLIST_KEY_NSMicrophoneUsageDescription = "";
				INFOPLIST_KEY_NSSpeechRecognitionUsageDescription = 1.0;
				INFOPLIST_KEY_UIApplicationSceneManifest_Generation = YES;
				INFOPLIST_KEY_UIApplicationSupportsIndirectInputEvents = YES;
				INFOPLIST_KEY_UILaunchScreen_Generation = YES;
				INFOPLIST_KEY_UISupportedInterfaceOrientations_iPad = "UIInterfaceOrientationPortrait UIInterfaceOrientationPortraitUpsideDown UIInterfaceOrientationLandscapeLeft UIInterfaceOrientationLandscapeRight";
				INFOPLIST_KEY_UISupportedInterfaceOrientations_iPhone = "UIInterfaceOrientationPortrait UIInterfaceOrientationLandscapeLeft UIInterfaceOrientationLandscapeRight";
				IPHONEOS_DEPLOYMENT_TARGET = 17.4;
				LD_RUNPATH_SEARCH_PATHS = (
					"$(inherited)",
					"@executable_path/Frameworks",
				);
				MARKETING_VERSION = 1.0;
				PRODUCT_BUNDLE_IDENTIFIER = com.winter.TestProject;
				PRODUCT_NAME = "$(TARGET_NAME)";
				SWIFT_EMIT_LOC_STRINGS = YES;
				SWIFT_VERSION = 5.0;
				TARGETED_DEVICE_FAMILY = "1,2";
			};
			name = Debug;
		};
		71D966C62CA26C1800D971C6 /* Release */ = {
			isa = XCBuildConfiguration;
			buildSettings = {
				ASSETCATALOG_COMPILER_APPICON_NAME = AppIcon;
				ASSETCATALOG_COMPILER_GLOBAL_ACCENT_COLOR_NAME = AccentColor;
				CODE_SIGN_STYLE = Automatic;
				CURRENT_PROJECT_VERSION = 1;
				DEVELOPMENT_ASSET_PATHS = "\"TestProject-3R/Preview Content\"";
				DEVELOPMENT_TEAM = R83JF9K5WA;
				ENABLE_PREVIEWS = YES;
				GENERATE_INFOPLIST_FILE = YES;
				INFOPLIST_FILE = "TestProject-3R/Info.plist";
				INFOPLIST_KEY_CFBundleDisplayName = "";
				INFOPLIST_KEY_LSApplicationCategoryType = "";
				INFOPLIST_KEY_NSMicrophoneUsageDescription = "";
				INFOPLIST_KEY_NSSpeechRecognitionUsageDescription = 1.0;
				INFOPLIST_KEY_UIApplicationSceneManifest_Generation = YES;
				INFOPLIST_KEY_UIApplicationSupportsIndirectInputEvents = YES;
				INFOPLIST_KEY_UILaunchScreen_Generation = YES;
				INFOPLIST_KEY_UISupportedInterfaceOrientations_iPad = "UIInterfaceOrientationPortrait UIInterfaceOrientationPortraitUpsideDown UIInterfaceOrientationLandscapeLeft UIInterfaceOrientationLandscapeRight";
				INFOPLIST_KEY_UISupportedInterfaceOrientations_iPhone = "UIInterfaceOrientationPortrait UIInterfaceOrientationLandscapeLeft UIInterfaceOrientationLandscapeRight";
				IPHONEOS_DEPLOYMENT_TARGET = 17.4;
				LD_RUNPATH_SEARCH_PATHS = (
					"$(inherited)",
					"@executable_path/Frameworks",
				);
				MARKETING_VERSION = 1.0;
				PRODUCT_BUNDLE_IDENTIFIER = com.winter.TestProject;
				PRODUCT_NAME = "$(TARGET_NAME)";
				SWIFT_EMIT_LOC_STRINGS = YES;
				SWIFT_VERSION = 5.0;
				TARGETED_DEVICE_FAMILY = "1,2";
			};
			name = Release;
		};
/* End XCBuildConfiguration section */

/* Begin XCConfigurationList section */
		71D966B12CA26C1700D971C6 /* Build configuration list for PBXProject "TestProject-3R" */ = {
			isa = XCConfigurationList;
			buildConfigurations = (
				71D966C22CA26C1800D971C6 /* Debug */,
				71D966C32CA26C1800D971C6 /* Release */,
			);
			defaultConfigurationIsVisible = 0;
			defaultConfigurationName = Release;
		};
		71D966C42CA26C1800D971C6 /* Build configuration list for PBXNativeTarget "TestProject-3R" */ = {
			isa = XCConfigurationList;
			buildConfigurations = (
				71D966C52CA26C1800D971C6 /* Debug */,
				71D966C62CA26C1800D971C6 /* Release */,
			);
			defaultConfigurationIsVisible = 0;
			defaultConfigurationName = Release;
		};
/* End XCConfigurationList section */

/* Begin XCRemoteSwiftPackageReference section */
		305F25EB2CA274F300D101A3 /* XCRemoteSwiftPackageReference "GPTSwift" */ = {
			isa = XCRemoteSwiftPackageReference;
			repositoryURL = "https://github.com/SwiftedMind/GPTSwift";
			requirement = {
				kind = upToNextMajorVersion;
				minimumVersion = 3.0.1;
			};
		};
/* End XCRemoteSwiftPackageReference section */

/* Begin XCSwiftPackageProductDependency section */
		305F25EC2CA274F300D101A3 /* ChatGPT */ = {
			isa = XCSwiftPackageProductDependency;
			package = 305F25EB2CA274F300D101A3 /* XCRemoteSwiftPackageReference "GPTSwift" */;
			productName = ChatGPT;
		};
		305F25EE2CA274F300D101A3 /* GPT */ = {
			isa = XCSwiftPackageProductDependency;
			package = 305F25EB2CA274F300D101A3 /* XCRemoteSwiftPackageReference "GPTSwift" */;
			productName = GPT;
		};
		305F25F02CA274F300D101A3 /* OpenAI */ = {
			isa = XCSwiftPackageProductDependency;
			package = 305F25EB2CA274F300D101A3 /* XCRemoteSwiftPackageReference "GPTSwift" */;
			productName = OpenAI;
		};
/* End XCSwiftPackageProductDependency section */
	};
	rootObject = 71D966AE2CA26C1700D971C6 /* Project object */;
}
